// !$*UTF8*$!
{
	archiveVersion = 1;
	classes = {
	};
	objectVersion = 46;
	objects = {

/* Begin PBXBuildFile section */
		79430D291F261D840075EB8E /* BeneficiariesCardsManager.swift in Sources */ = {isa = PBXBuildFile; fileRef = 79430D281F261D840075EB8E /* BeneficiariesCardsManager.swift */; };
		79430D2B1F2622240075EB8E /* PayersCardsManager.swift in Sources */ = {isa = PBXBuildFile; fileRef = 79430D2A1F2622240075EB8E /* PayersCardsManager.swift */; };
		79430D2D1F26245E0075EB8E /* PayoutsManager.swift in Sources */ = {isa = PBXBuildFile; fileRef = 79430D2C1F26245E0075EB8E /* PayoutsManager.swift */; };
		79430D2F1F2629D40075EB8E /* RefundsManager.swift in Sources */ = {isa = PBXBuildFile; fileRef = 79430D2E1F2629D40075EB8E /* RefundsManager.swift */; };
		79430D4C1F28B29C0075EB8E /* CollectionStructuredController.swift in Sources */ = {isa = PBXBuildFile; fileRef = 79430D491F28B29C0075EB8E /* CollectionStructuredController.swift */; };
		79430D4D1F28B29C0075EB8E /* StructuredSection.swift in Sources */ = {isa = PBXBuildFile; fileRef = 79430D4A1F28B29C0075EB8E /* StructuredSection.swift */; };
		79430D4E1F28B29C0075EB8E /* TableStructuredController.swift in Sources */ = {isa = PBXBuildFile; fileRef = 79430D4B1F28B29C0075EB8E /* TableStructuredController.swift */; };
		79430D501F28BF080075EB8E /* P2PViewController.xib in Resources */ = {isa = PBXBuildFile; fileRef = 79430D4F1F28BF080075EB8E /* P2PViewController.xib */; };
		79430D5A1F28CD620075EB8E /* BankCardsViewController.swift in Sources */ = {isa = PBXBuildFile; fileRef = 79430D581F28CD620075EB8E /* BankCardsViewController.swift */; };
		79430D5B1F28CD620075EB8E /* BankCardsViewController.xib in Resources */ = {isa = PBXBuildFile; fileRef = 79430D591F28CD620075EB8E /* BankCardsViewController.xib */; };
		79430D611F28CD9A0075EB8E /* BankCardTableViewCell.swift in Sources */ = {isa = PBXBuildFile; fileRef = 79430D5F1F28CD9A0075EB8E /* BankCardTableViewCell.swift */; };
		79430D621F28CD9A0075EB8E /* BankCardTableViewCell.xib in Resources */ = {isa = PBXBuildFile; fileRef = 79430D601F28CD9A0075EB8E /* BankCardTableViewCell.xib */; };
		79430D6E1F28CE5D0075EB8E /* MasterCardMini.png in Resources */ = {isa = PBXBuildFile; fileRef = 79430D651F28CE5D0075EB8E /* MasterCardMini.png */; };
		79430D6F1F28CE5D0075EB8E /* MasterCardMini@2x.png in Resources */ = {isa = PBXBuildFile; fileRef = 79430D661F28CE5D0075EB8E /* MasterCardMini@2x.png */; };
		79430D701F28CE5D0075EB8E /* MasterCardMini@3x.png in Resources */ = {isa = PBXBuildFile; fileRef = 79430D671F28CE5D0075EB8E /* MasterCardMini@3x.png */; };
		79430D711F28CE5D0075EB8E /* MirMini.png in Resources */ = {isa = PBXBuildFile; fileRef = 79430D681F28CE5D0075EB8E /* MirMini.png */; };
		79430D721F28CE5D0075EB8E /* MirMini@2x.png in Resources */ = {isa = PBXBuildFile; fileRef = 79430D691F28CE5D0075EB8E /* MirMini@2x.png */; };
		79430D731F28CE5D0075EB8E /* MirMini@3x.png in Resources */ = {isa = PBXBuildFile; fileRef = 79430D6A1F28CE5D0075EB8E /* MirMini@3x.png */; };
		79430D741F28CE5D0075EB8E /* VisaMini.png in Resources */ = {isa = PBXBuildFile; fileRef = 79430D6B1F28CE5D0075EB8E /* VisaMini.png */; };
		79430D751F28CE5D0075EB8E /* VisaMini@2x.png in Resources */ = {isa = PBXBuildFile; fileRef = 79430D6C1F28CE5D0075EB8E /* VisaMini@2x.png */; };
		79430D761F28CE5D0075EB8E /* VisaMini@3x.png in Resources */ = {isa = PBXBuildFile; fileRef = 79430D6D1F28CE5D0075EB8E /* VisaMini@3x.png */; };
		794815CB1F1CDD2700DD0783 /* P2PCore.h in Headers */ = {isa = PBXBuildFile; fileRef = 794815C91F1CDD2700DD0783 /* P2PCore.h */; settings = {ATTRIBUTES = (Public, ); }; };
		794815F11F1CDDE200DD0783 /* AppDelegate.swift in Sources */ = {isa = PBXBuildFile; fileRef = 794815F01F1CDDE200DD0783 /* AppDelegate.swift */; };
		794815F31F1CDDE200DD0783 /* ViewController.swift in Sources */ = {isa = PBXBuildFile; fileRef = 794815F21F1CDDE200DD0783 /* ViewController.swift */; };
		794815F61F1CDDE200DD0783 /* Main.storyboard in Resources */ = {isa = PBXBuildFile; fileRef = 794815F41F1CDDE200DD0783 /* Main.storyboard */; };
		794815F81F1CDDE200DD0783 /* Assets.xcassets in Resources */ = {isa = PBXBuildFile; fileRef = 794815F71F1CDDE200DD0783 /* Assets.xcassets */; };
		794815FB1F1CDDE200DD0783 /* LaunchScreen.storyboard in Resources */ = {isa = PBXBuildFile; fileRef = 794815F91F1CDDE200DD0783 /* LaunchScreen.storyboard */; };
		794816091F1CDDFA00DD0783 /* P2PUI.h in Headers */ = {isa = PBXBuildFile; fileRef = 794816071F1CDDFA00DD0783 /* P2PUI.h */; settings = {ATTRIBUTES = (Public, ); }; };
		7948160C1F1CDDFA00DD0783 /* P2PUI.framework in Frameworks */ = {isa = PBXBuildFile; fileRef = 794816051F1CDDFA00DD0783 /* P2PUI.framework */; };
		7948160D1F1CDDFA00DD0783 /* P2PUI.framework in Embed Frameworks */ = {isa = PBXBuildFile; fileRef = 794816051F1CDDFA00DD0783 /* P2PUI.framework */; settings = {ATTRIBUTES = (CodeSignOnCopy, RemoveHeadersOnCopy, ); }; };
		794816171F1CE1E400DD0783 /* P2PCore.swift in Sources */ = {isa = PBXBuildFile; fileRef = 794816161F1CE1E400DD0783 /* P2PCore.swift */; };
		794816191F1CE72F00DD0783 /* DealsManager.swift in Sources */ = {isa = PBXBuildFile; fileRef = 794816181F1CE72F00DD0783 /* DealsManager.swift */; };
		7948161A1F1CE82100DD0783 /* P2PCore.framework in Frameworks */ = {isa = PBXBuildFile; fileRef = 794815C71F1CDD2700DD0783 /* P2PCore.framework */; };
		7948161D1F1CE84800DD0783 /* P2PNavigationController.swift in Sources */ = {isa = PBXBuildFile; fileRef = 7948161C1F1CE84800DD0783 /* P2PNavigationController.swift */; };
		7948161F1F1CE86900DD0783 /* P2PViewController.swift in Sources */ = {isa = PBXBuildFile; fileRef = 7948161E1F1CE86900DD0783 /* P2PViewController.swift */; };
		794816221F1CE93200DD0783 /* CurrencyId.swift in Sources */ = {isa = PBXBuildFile; fileRef = 794816211F1CE93200DD0783 /* CurrencyId.swift */; };
		794816411F1CE9AC00DD0783 /* main.m in Sources */ = {isa = PBXBuildFile; fileRef = 794816401F1CE9AC00DD0783 /* main.m */; };
		794816441F1CE9AC00DD0783 /* AppDelegate.m in Sources */ = {isa = PBXBuildFile; fileRef = 794816431F1CE9AC00DD0783 /* AppDelegate.m */; };
		794816471F1CE9AC00DD0783 /* ViewController.m in Sources */ = {isa = PBXBuildFile; fileRef = 794816461F1CE9AC00DD0783 /* ViewController.m */; };
		7948164A1F1CE9AC00DD0783 /* Main.storyboard in Resources */ = {isa = PBXBuildFile; fileRef = 794816481F1CE9AC00DD0783 /* Main.storyboard */; };
		7948164C1F1CE9AC00DD0783 /* Assets.xcassets in Resources */ = {isa = PBXBuildFile; fileRef = 7948164B1F1CE9AC00DD0783 /* Assets.xcassets */; };
		7948164F1F1CE9AC00DD0783 /* LaunchScreen.storyboard in Resources */ = {isa = PBXBuildFile; fileRef = 7948164D1F1CE9AC00DD0783 /* LaunchScreen.storyboard */; };
		794816541F1CE9E200DD0783 /* P2PCore.framework in Frameworks */ = {isa = PBXBuildFile; fileRef = 794815C71F1CDD2700DD0783 /* P2PCore.framework */; };
		794816551F1CE9E200DD0783 /* P2PCore.framework in Embed Frameworks */ = {isa = PBXBuildFile; fileRef = 794815C71F1CDD2700DD0783 /* P2PCore.framework */; settings = {ATTRIBUTES = (CodeSignOnCopy, RemoveHeadersOnCopy, ); }; };
		794816581F1CE9E900DD0783 /* P2PCore.framework in Frameworks */ = {isa = PBXBuildFile; fileRef = 794815C71F1CDD2700DD0783 /* P2PCore.framework */; };
		794816591F1CE9E900DD0783 /* P2PCore.framework in Embed Frameworks */ = {isa = PBXBuildFile; fileRef = 794815C71F1CDD2700DD0783 /* P2PCore.framework */; settings = {ATTRIBUTES = (CodeSignOnCopy, RemoveHeadersOnCopy, ); }; };
		7948165C1F1CE9E900DD0783 /* P2PUI.framework in Frameworks */ = {isa = PBXBuildFile; fileRef = 794816051F1CDDFA00DD0783 /* P2PUI.framework */; };
		7948165D1F1CE9E900DD0783 /* P2PUI.framework in Embed Frameworks */ = {isa = PBXBuildFile; fileRef = 794816051F1CDDFA00DD0783 /* P2PUI.framework */; settings = {ATTRIBUTES = (CodeSignOnCopy, RemoveHeadersOnCopy, ); }; };
		794816621F1CEB2F00DD0783 /* Deal.swift in Sources */ = {isa = PBXBuildFile; fileRef = 794816611F1CEB2F00DD0783 /* Deal.swift */; };
		794FB2E21F2F3D53005610DF /* linkNewCard.png in Resources */ = {isa = PBXBuildFile; fileRef = 794FB2DF1F2F3D53005610DF /* linkNewCard.png */; };
		794FB2E31F2F3D53005610DF /* linkNewCard@2x.png in Resources */ = {isa = PBXBuildFile; fileRef = 794FB2E01F2F3D53005610DF /* linkNewCard@2x.png */; };
		794FB2E41F2F3D53005610DF /* linkNewCard@3x.png in Resources */ = {isa = PBXBuildFile; fileRef = 794FB2E11F2F3D53005610DF /* linkNewCard@3x.png */; };
		794FB2E71F2F4194005610DF /* UIAlertController+Error.swift in Sources */ = {isa = PBXBuildFile; fileRef = 794FB2E61F2F4194005610DF /* UIAlertController+Error.swift */; };
		795F0B271F20CAAA00FB95D9 /* URLComposer.swift in Sources */ = {isa = PBXBuildFile; fileRef = 795F0B261F20CAAA00FB95D9 /* URLComposer.swift */; };
		798680841F208E34000D541D /* Mapper.swift in Sources */ = {isa = PBXBuildFile; fileRef = 798680831F208E34000D541D /* Mapper.swift */; };
		798680861F20960E000D541D /* BankCard.swift in Sources */ = {isa = PBXBuildFile; fileRef = 798680851F20960E000D541D /* BankCard.swift */; };
		7986808A1F20980F000D541D /* PayoutsResult.swift in Sources */ = {isa = PBXBuildFile; fileRef = 798680891F20980F000D541D /* PayoutsResult.swift */; };
		7986808C1F209897000D541D /* Payout.swift in Sources */ = {isa = PBXBuildFile; fileRef = 7986808B1F209897000D541D /* Payout.swift */; };
		7986808E1F209A59000D541D /* RefundsResult.swift in Sources */ = {isa = PBXBuildFile; fileRef = 7986808D1F209A59000D541D /* RefundsResult.swift */; };
		798680901F209C27000D541D /* Refund.swift in Sources */ = {isa = PBXBuildFile; fileRef = 7986808F1F209C27000D541D /* Refund.swift */; };
		798680921F209EC3000D541D /* NetworkManager.swift in Sources */ = {isa = PBXBuildFile; fileRef = 798680911F209EC3000D541D /* NetworkManager.swift */; };
		79E96B711F2A134100AE064B /* LoadingTableViewCell.swift in Sources */ = {isa = PBXBuildFile; fileRef = 79E96B6F1F2A134100AE064B /* LoadingTableViewCell.swift */; };
		79E96B721F2A134100AE064B /* LoadingTableViewCell.xib in Resources */ = {isa = PBXBuildFile; fileRef = 79E96B701F2A134100AE064B /* LoadingTableViewCell.xib */; };
		79E96B751F2A15D200AE064B /* BankCardLinkNewTableViewCell.swift in Sources */ = {isa = PBXBuildFile; fileRef = 79E96B731F2A15D200AE064B /* BankCardLinkNewTableViewCell.swift */; };
		79E96B761F2A15D200AE064B /* BankCardLinkNewTableViewCell.xib in Resources */ = {isa = PBXBuildFile; fileRef = 79E96B741F2A15D200AE064B /* BankCardLinkNewTableViewCell.xib */; };
		79E96B791F2A229200AE064B /* CreditCardValidator.swift in Sources */ = {isa = PBXBuildFile; fileRef = 79E96B781F2A229200AE064B /* CreditCardValidator.swift */; };
		79E96B7C1F2A333400AE064B /* LinkCardViewController.swift in Sources */ = {isa = PBXBuildFile; fileRef = 79E96B7B1F2A333400AE064B /* LinkCardViewController.swift */; };
		79E96B7E1F2A333E00AE064B /* LinkCardViewController.xib in Resources */ = {isa = PBXBuildFile; fileRef = 79E96B7D1F2A333E00AE064B /* LinkCardViewController.xib */; };
/* End PBXBuildFile section */

/* Begin PBXContainerItemProxy section */
		7948160A1F1CDDFA00DD0783 /* PBXContainerItemProxy */ = {
			isa = PBXContainerItemProxy;
			containerPortal = 794815A51F1CDC1A00DD0783 /* Project object */;
			proxyType = 1;
			remoteGlobalIDString = 794816041F1CDDFA00DD0783;
			remoteInfo = P2PUI;
		};
		794816561F1CE9E200DD0783 /* PBXContainerItemProxy */ = {
			isa = PBXContainerItemProxy;
			containerPortal = 794815A51F1CDC1A00DD0783 /* Project object */;
			proxyType = 1;
			remoteGlobalIDString = 794815C61F1CDD2700DD0783;
			remoteInfo = P2PCore;
		};
		7948165A1F1CE9E900DD0783 /* PBXContainerItemProxy */ = {
			isa = PBXContainerItemProxy;
			containerPortal = 794815A51F1CDC1A00DD0783 /* Project object */;
			proxyType = 1;
			remoteGlobalIDString = 794815C61F1CDD2700DD0783;
			remoteInfo = P2PCore;
		};
		7948165E1F1CE9E900DD0783 /* PBXContainerItemProxy */ = {
			isa = PBXContainerItemProxy;
			containerPortal = 794815A51F1CDC1A00DD0783 /* Project object */;
			proxyType = 1;
			remoteGlobalIDString = 794816041F1CDDFA00DD0783;
			remoteInfo = P2PUI;
		};
/* End PBXContainerItemProxy section */

/* Begin PBXCopyFilesBuildPhase section */
		794816111F1CDDFA00DD0783 /* Embed Frameworks */ = {
			isa = PBXCopyFilesBuildPhase;
			buildActionMask = 2147483647;
			dstPath = "";
			dstSubfolderSpec = 10;
			files = (
				794816551F1CE9E200DD0783 /* P2PCore.framework in Embed Frameworks */,
				7948160D1F1CDDFA00DD0783 /* P2PUI.framework in Embed Frameworks */,
			);
			name = "Embed Frameworks";
			runOnlyForDeploymentPostprocessing = 0;
		};
		794816601F1CE9E900DD0783 /* Embed Frameworks */ = {
			isa = PBXCopyFilesBuildPhase;
			buildActionMask = 2147483647;
			dstPath = "";
			dstSubfolderSpec = 10;
			files = (
				794816591F1CE9E900DD0783 /* P2PCore.framework in Embed Frameworks */,
				7948165D1F1CE9E900DD0783 /* P2PUI.framework in Embed Frameworks */,
			);
			name = "Embed Frameworks";
			runOnlyForDeploymentPostprocessing = 0;
		};
/* End PBXCopyFilesBuildPhase section */

/* Begin PBXFileReference section */
		79430D281F261D840075EB8E /* BeneficiariesCardsManager.swift */ = {isa = PBXFileReference; fileEncoding = 4; lastKnownFileType = sourcecode.swift; path = BeneficiariesCardsManager.swift; sourceTree = "<group>"; };
		79430D2A1F2622240075EB8E /* PayersCardsManager.swift */ = {isa = PBXFileReference; fileEncoding = 4; lastKnownFileType = sourcecode.swift; path = PayersCardsManager.swift; sourceTree = "<group>"; };
		79430D2C1F26245E0075EB8E /* PayoutsManager.swift */ = {isa = PBXFileReference; fileEncoding = 4; lastKnownFileType = sourcecode.swift; path = PayoutsManager.swift; sourceTree = "<group>"; };
		79430D2E1F2629D40075EB8E /* RefundsManager.swift */ = {isa = PBXFileReference; fileEncoding = 4; lastKnownFileType = sourcecode.swift; path = RefundsManager.swift; sourceTree = "<group>"; };
		79430D491F28B29C0075EB8E /* CollectionStructuredController.swift */ = {isa = PBXFileReference; fileEncoding = 4; lastKnownFileType = sourcecode.swift; path = CollectionStructuredController.swift; sourceTree = "<group>"; };
		79430D4A1F28B29C0075EB8E /* StructuredSection.swift */ = {isa = PBXFileReference; fileEncoding = 4; lastKnownFileType = sourcecode.swift; path = StructuredSection.swift; sourceTree = "<group>"; };
		79430D4B1F28B29C0075EB8E /* TableStructuredController.swift */ = {isa = PBXFileReference; fileEncoding = 4; lastKnownFileType = sourcecode.swift; path = TableStructuredController.swift; sourceTree = "<group>"; };
		79430D4F1F28BF080075EB8E /* P2PViewController.xib */ = {isa = PBXFileReference; fileEncoding = 4; lastKnownFileType = file.xib; path = P2PViewController.xib; sourceTree = "<group>"; };
		79430D581F28CD620075EB8E /* BankCardsViewController.swift */ = {isa = PBXFileReference; fileEncoding = 4; lastKnownFileType = sourcecode.swift; path = BankCardsViewController.swift; sourceTree = "<group>"; };
		79430D591F28CD620075EB8E /* BankCardsViewController.xib */ = {isa = PBXFileReference; fileEncoding = 4; lastKnownFileType = file.xib; path = BankCardsViewController.xib; sourceTree = "<group>"; };
		79430D5F1F28CD9A0075EB8E /* BankCardTableViewCell.swift */ = {isa = PBXFileReference; fileEncoding = 4; lastKnownFileType = sourcecode.swift; path = BankCardTableViewCell.swift; sourceTree = "<group>"; };
		79430D601F28CD9A0075EB8E /* BankCardTableViewCell.xib */ = {isa = PBXFileReference; fileEncoding = 4; lastKnownFileType = file.xib; path = BankCardTableViewCell.xib; sourceTree = "<group>"; };
		79430D651F28CE5D0075EB8E /* MasterCardMini.png */ = {isa = PBXFileReference; lastKnownFileType = image.png; path = MasterCardMini.png; sourceTree = "<group>"; };
		79430D661F28CE5D0075EB8E /* MasterCardMini@2x.png */ = {isa = PBXFileReference; lastKnownFileType = image.png; path = "MasterCardMini@2x.png"; sourceTree = "<group>"; };
		79430D671F28CE5D0075EB8E /* MasterCardMini@3x.png */ = {isa = PBXFileReference; lastKnownFileType = image.png; path = "MasterCardMini@3x.png"; sourceTree = "<group>"; };
		79430D681F28CE5D0075EB8E /* MirMini.png */ = {isa = PBXFileReference; lastKnownFileType = image.png; path = MirMini.png; sourceTree = "<group>"; };
		79430D691F28CE5D0075EB8E /* MirMini@2x.png */ = {isa = PBXFileReference; lastKnownFileType = image.png; path = "MirMini@2x.png"; sourceTree = "<group>"; };
		79430D6A1F28CE5D0075EB8E /* MirMini@3x.png */ = {isa = PBXFileReference; lastKnownFileType = image.png; path = "MirMini@3x.png"; sourceTree = "<group>"; };
		79430D6B1F28CE5D0075EB8E /* VisaMini.png */ = {isa = PBXFileReference; lastKnownFileType = image.png; path = VisaMini.png; sourceTree = "<group>"; };
		79430D6C1F28CE5D0075EB8E /* VisaMini@2x.png */ = {isa = PBXFileReference; lastKnownFileType = image.png; path = "VisaMini@2x.png"; sourceTree = "<group>"; };
		79430D6D1F28CE5D0075EB8E /* VisaMini@3x.png */ = {isa = PBXFileReference; lastKnownFileType = image.png; path = "VisaMini@3x.png"; sourceTree = "<group>"; };
		794815C71F1CDD2700DD0783 /* P2PCore.framework */ = {isa = PBXFileReference; explicitFileType = wrapper.framework; includeInIndex = 0; path = P2PCore.framework; sourceTree = BUILT_PRODUCTS_DIR; };
		794815C91F1CDD2700DD0783 /* P2PCore.h */ = {isa = PBXFileReference; lastKnownFileType = sourcecode.c.h; path = P2PCore.h; sourceTree = "<group>"; };
		794815CA1F1CDD2700DD0783 /* Info.plist */ = {isa = PBXFileReference; lastKnownFileType = text.plist.xml; path = Info.plist; sourceTree = "<group>"; };
		794815EE1F1CDDE200DD0783 /* P2PExample.app */ = {isa = PBXFileReference; explicitFileType = wrapper.application; includeInIndex = 0; path = P2PExample.app; sourceTree = BUILT_PRODUCTS_DIR; };
		794815F01F1CDDE200DD0783 /* AppDelegate.swift */ = {isa = PBXFileReference; lastKnownFileType = sourcecode.swift; path = AppDelegate.swift; sourceTree = "<group>"; };
		794815F21F1CDDE200DD0783 /* ViewController.swift */ = {isa = PBXFileReference; lastKnownFileType = sourcecode.swift; path = ViewController.swift; sourceTree = "<group>"; };
		794815F51F1CDDE200DD0783 /* Base */ = {isa = PBXFileReference; lastKnownFileType = file.storyboard; name = Base; path = Base.lproj/Main.storyboard; sourceTree = "<group>"; };
		794815F71F1CDDE200DD0783 /* Assets.xcassets */ = {isa = PBXFileReference; lastKnownFileType = folder.assetcatalog; path = Assets.xcassets; sourceTree = "<group>"; };
		794815FA1F1CDDE200DD0783 /* Base */ = {isa = PBXFileReference; lastKnownFileType = file.storyboard; name = Base; path = Base.lproj/LaunchScreen.storyboard; sourceTree = "<group>"; };
		794815FC1F1CDDE200DD0783 /* Info.plist */ = {isa = PBXFileReference; lastKnownFileType = text.plist.xml; path = Info.plist; sourceTree = "<group>"; };
		794816051F1CDDFA00DD0783 /* P2PUI.framework */ = {isa = PBXFileReference; explicitFileType = wrapper.framework; includeInIndex = 0; path = P2PUI.framework; sourceTree = BUILT_PRODUCTS_DIR; };
		794816071F1CDDFA00DD0783 /* P2PUI.h */ = {isa = PBXFileReference; lastKnownFileType = sourcecode.c.h; path = P2PUI.h; sourceTree = "<group>"; };
		794816081F1CDDFA00DD0783 /* Info.plist */ = {isa = PBXFileReference; lastKnownFileType = text.plist.xml; path = Info.plist; sourceTree = "<group>"; };
		794816161F1CE1E400DD0783 /* P2PCore.swift */ = {isa = PBXFileReference; fileEncoding = 4; lastKnownFileType = sourcecode.swift; path = P2PCore.swift; sourceTree = "<group>"; };
		794816181F1CE72F00DD0783 /* DealsManager.swift */ = {isa = PBXFileReference; fileEncoding = 4; lastKnownFileType = sourcecode.swift; path = DealsManager.swift; sourceTree = "<group>"; };
		7948161C1F1CE84800DD0783 /* P2PNavigationController.swift */ = {isa = PBXFileReference; fileEncoding = 4; lastKnownFileType = sourcecode.swift; path = P2PNavigationController.swift; sourceTree = "<group>"; };
		7948161E1F1CE86900DD0783 /* P2PViewController.swift */ = {isa = PBXFileReference; fileEncoding = 4; lastKnownFileType = sourcecode.swift; path = P2PViewController.swift; sourceTree = "<group>"; };
		794816211F1CE93200DD0783 /* CurrencyId.swift */ = {isa = PBXFileReference; fileEncoding = 4; lastKnownFileType = sourcecode.swift; path = CurrencyId.swift; sourceTree = "<group>"; };
		7948163D1F1CE9AC00DD0783 /* P2PExampleObjC.app */ = {isa = PBXFileReference; explicitFileType = wrapper.application; includeInIndex = 0; path = P2PExampleObjC.app; sourceTree = BUILT_PRODUCTS_DIR; };
		794816401F1CE9AC00DD0783 /* main.m */ = {isa = PBXFileReference; lastKnownFileType = sourcecode.c.objc; path = main.m; sourceTree = "<group>"; };
		794816421F1CE9AC00DD0783 /* AppDelegate.h */ = {isa = PBXFileReference; lastKnownFileType = sourcecode.c.h; path = AppDelegate.h; sourceTree = "<group>"; };
		794816431F1CE9AC00DD0783 /* AppDelegate.m */ = {isa = PBXFileReference; lastKnownFileType = sourcecode.c.objc; path = AppDelegate.m; sourceTree = "<group>"; };
		794816451F1CE9AC00DD0783 /* ViewController.h */ = {isa = PBXFileReference; lastKnownFileType = sourcecode.c.h; path = ViewController.h; sourceTree = "<group>"; };
		794816461F1CE9AC00DD0783 /* ViewController.m */ = {isa = PBXFileReference; lastKnownFileType = sourcecode.c.objc; path = ViewController.m; sourceTree = "<group>"; };
		794816491F1CE9AC00DD0783 /* Base */ = {isa = PBXFileReference; lastKnownFileType = file.storyboard; name = Base; path = Base.lproj/Main.storyboard; sourceTree = "<group>"; };
		7948164B1F1CE9AC00DD0783 /* Assets.xcassets */ = {isa = PBXFileReference; lastKnownFileType = folder.assetcatalog; path = Assets.xcassets; sourceTree = "<group>"; };
		7948164E1F1CE9AC00DD0783 /* Base */ = {isa = PBXFileReference; lastKnownFileType = file.storyboard; name = Base; path = Base.lproj/LaunchScreen.storyboard; sourceTree = "<group>"; };
		794816501F1CE9AC00DD0783 /* Info.plist */ = {isa = PBXFileReference; lastKnownFileType = text.plist.xml; path = Info.plist; sourceTree = "<group>"; };
		794816611F1CEB2F00DD0783 /* Deal.swift */ = {isa = PBXFileReference; fileEncoding = 4; lastKnownFileType = sourcecode.swift; path = Deal.swift; sourceTree = "<group>"; };
		794FB2DF1F2F3D53005610DF /* linkNewCard.png */ = {isa = PBXFileReference; lastKnownFileType = image.png; path = linkNewCard.png; sourceTree = "<group>"; };
		794FB2E01F2F3D53005610DF /* linkNewCard@2x.png */ = {isa = PBXFileReference; lastKnownFileType = image.png; path = "linkNewCard@2x.png"; sourceTree = "<group>"; };
		794FB2E11F2F3D53005610DF /* linkNewCard@3x.png */ = {isa = PBXFileReference; lastKnownFileType = image.png; path = "linkNewCard@3x.png"; sourceTree = "<group>"; };
		794FB2E61F2F4194005610DF /* UIAlertController+Error.swift */ = {isa = PBXFileReference; fileEncoding = 4; lastKnownFileType = sourcecode.swift; path = "UIAlertController+Error.swift"; sourceTree = "<group>"; };
		795F0B261F20CAAA00FB95D9 /* URLComposer.swift */ = {isa = PBXFileReference; fileEncoding = 4; lastKnownFileType = sourcecode.swift; path = URLComposer.swift; sourceTree = "<group>"; };
		795F0B291F20D23400FB95D9 /* module.map */ = {isa = PBXFileReference; fileEncoding = 4; lastKnownFileType = "sourcecode.module-map"; path = module.map; sourceTree = "<group>"; };
		798680831F208E34000D541D /* Mapper.swift */ = {isa = PBXFileReference; fileEncoding = 4; lastKnownFileType = sourcecode.swift; path = Mapper.swift; sourceTree = "<group>"; };
		798680851F20960E000D541D /* BankCard.swift */ = {isa = PBXFileReference; fileEncoding = 4; lastKnownFileType = sourcecode.swift; path = BankCard.swift; sourceTree = "<group>"; };
		798680891F20980F000D541D /* PayoutsResult.swift */ = {isa = PBXFileReference; fileEncoding = 4; lastKnownFileType = sourcecode.swift; path = PayoutsResult.swift; sourceTree = "<group>"; };
		7986808B1F209897000D541D /* Payout.swift */ = {isa = PBXFileReference; fileEncoding = 4; lastKnownFileType = sourcecode.swift; path = Payout.swift; sourceTree = "<group>"; };
		7986808D1F209A59000D541D /* RefundsResult.swift */ = {isa = PBXFileReference; fileEncoding = 4; lastKnownFileType = sourcecode.swift; path = RefundsResult.swift; sourceTree = "<group>"; };
		7986808F1F209C27000D541D /* Refund.swift */ = {isa = PBXFileReference; fileEncoding = 4; lastKnownFileType = sourcecode.swift; path = Refund.swift; sourceTree = "<group>"; };
		798680911F209EC3000D541D /* NetworkManager.swift */ = {isa = PBXFileReference; fileEncoding = 4; lastKnownFileType = sourcecode.swift; path = NetworkManager.swift; sourceTree = "<group>"; };
		79E96B6F1F2A134100AE064B /* LoadingTableViewCell.swift */ = {isa = PBXFileReference; fileEncoding = 4; lastKnownFileType = sourcecode.swift; path = LoadingTableViewCell.swift; sourceTree = "<group>"; };
		79E96B701F2A134100AE064B /* LoadingTableViewCell.xib */ = {isa = PBXFileReference; fileEncoding = 4; lastKnownFileType = file.xib; path = LoadingTableViewCell.xib; sourceTree = "<group>"; };
		79E96B731F2A15D200AE064B /* BankCardLinkNewTableViewCell.swift */ = {isa = PBXFileReference; fileEncoding = 4; lastKnownFileType = sourcecode.swift; path = BankCardLinkNewTableViewCell.swift; sourceTree = "<group>"; };
		79E96B741F2A15D200AE064B /* BankCardLinkNewTableViewCell.xib */ = {isa = PBXFileReference; fileEncoding = 4; lastKnownFileType = file.xib; path = BankCardLinkNewTableViewCell.xib; sourceTree = "<group>"; };
		79E96B781F2A229200AE064B /* CreditCardValidator.swift */ = {isa = PBXFileReference; fileEncoding = 4; lastKnownFileType = sourcecode.swift; path = CreditCardValidator.swift; sourceTree = "<group>"; };
		79E96B7B1F2A333400AE064B /* LinkCardViewController.swift */ = {isa = PBXFileReference; fileEncoding = 4; lastKnownFileType = sourcecode.swift; path = LinkCardViewController.swift; sourceTree = "<group>"; };
		79E96B7D1F2A333E00AE064B /* LinkCardViewController.xib */ = {isa = PBXFileReference; fileEncoding = 4; lastKnownFileType = file.xib; path = LinkCardViewController.xib; sourceTree = "<group>"; };
/* End PBXFileReference section */

/* Begin PBXFrameworksBuildPhase section */
		794815C31F1CDD2700DD0783 /* Frameworks */ = {
			isa = PBXFrameworksBuildPhase;
			buildActionMask = 2147483647;
			files = (
			);
			runOnlyForDeploymentPostprocessing = 0;
		};
		794815EB1F1CDDE200DD0783 /* Frameworks */ = {
			isa = PBXFrameworksBuildPhase;
			buildActionMask = 2147483647;
			files = (
				794816541F1CE9E200DD0783 /* P2PCore.framework in Frameworks */,
				7948160C1F1CDDFA00DD0783 /* P2PUI.framework in Frameworks */,
			);
			runOnlyForDeploymentPostprocessing = 0;
		};
		794816011F1CDDFA00DD0783 /* Frameworks */ = {
			isa = PBXFrameworksBuildPhase;
			buildActionMask = 2147483647;
			files = (
				7948161A1F1CE82100DD0783 /* P2PCore.framework in Frameworks */,
			);
			runOnlyForDeploymentPostprocessing = 0;
		};
		7948163A1F1CE9AC00DD0783 /* Frameworks */ = {
			isa = PBXFrameworksBuildPhase;
			buildActionMask = 2147483647;
			files = (
				794816581F1CE9E900DD0783 /* P2PCore.framework in Frameworks */,
				7948165C1F1CE9E900DD0783 /* P2PUI.framework in Frameworks */,
			);
			runOnlyForDeploymentPostprocessing = 0;
		};
/* End PBXFrameworksBuildPhase section */

/* Begin PBXGroup section */
		79430D471F28B2420075EB8E /* Library */ = {
			isa = PBXGroup;
			children = (
				794FB2E51F2F417D005610DF /* Extensions */,
				79E96B771F2A228700AE064B /* CreditCardValidator */,
				79E96B6E1F2A132F00AE064B /* TableViewCells */,
				79430D481F28B2520075EB8E /* TableCollectionStructured */,
			);
			path = Library;
			sourceTree = "<group>";
		};
		79430D481F28B2520075EB8E /* TableCollectionStructured */ = {
			isa = PBXGroup;
			children = (
				79430D491F28B29C0075EB8E /* CollectionStructuredController.swift */,
				79430D4A1F28B29C0075EB8E /* StructuredSection.swift */,
				79430D4B1F28B29C0075EB8E /* TableStructuredController.swift */,
			);
			path = TableCollectionStructured;
			sourceTree = "<group>";
		};
		79430D571F28CD560075EB8E /* BankCards */ = {
			isa = PBXGroup;
			children = (
				79430D5C1F28CD6E0075EB8E /* TableViewCell */,
				79430D581F28CD620075EB8E /* BankCardsViewController.swift */,
				79430D591F28CD620075EB8E /* BankCardsViewController.xib */,
			);
			path = BankCards;
			sourceTree = "<group>";
		};
		79430D5C1F28CD6E0075EB8E /* TableViewCell */ = {
			isa = PBXGroup;
			children = (
				79430D5F1F28CD9A0075EB8E /* BankCardTableViewCell.swift */,
				79430D601F28CD9A0075EB8E /* BankCardTableViewCell.xib */,
				79E96B731F2A15D200AE064B /* BankCardLinkNewTableViewCell.swift */,
				79E96B741F2A15D200AE064B /* BankCardLinkNewTableViewCell.xib */,
			);
			path = TableViewCell;
			sourceTree = "<group>";
		};
		79430D631F28CDD70075EB8E /* Resources */ = {
			isa = PBXGroup;
			children = (
				79430D641F28CDEC0075EB8E /* Images */,
			);
			path = Resources;
			sourceTree = "<group>";
		};
		79430D641F28CDEC0075EB8E /* Images */ = {
			isa = PBXGroup;
			children = (
				794FB2DF1F2F3D53005610DF /* linkNewCard.png */,
				794FB2E01F2F3D53005610DF /* linkNewCard@2x.png */,
				794FB2E11F2F3D53005610DF /* linkNewCard@3x.png */,
				79430D651F28CE5D0075EB8E /* MasterCardMini.png */,
				79430D661F28CE5D0075EB8E /* MasterCardMini@2x.png */,
				79430D671F28CE5D0075EB8E /* MasterCardMini@3x.png */,
				79430D681F28CE5D0075EB8E /* MirMini.png */,
				79430D691F28CE5D0075EB8E /* MirMini@2x.png */,
				79430D6A1F28CE5D0075EB8E /* MirMini@3x.png */,
				79430D6B1F28CE5D0075EB8E /* VisaMini.png */,
				79430D6C1F28CE5D0075EB8E /* VisaMini@2x.png */,
				79430D6D1F28CE5D0075EB8E /* VisaMini@3x.png */,
			);
			path = Images;
			sourceTree = "<group>";
		};
		794815A41F1CDC1A00DD0783 = {
			isa = PBXGroup;
			children = (
				794815EF1F1CDDE200DD0783 /* P2PExample */,
				7948163E1F1CE9AC00DD0783 /* P2PExampleObjC */,
				794816061F1CDDFA00DD0783 /* P2PUI */,
				794815C81F1CDD2700DD0783 /* P2PCore */,
				794815AE1F1CDC1A00DD0783 /* Products */,
			);
			sourceTree = "<group>";
		};
		794815AE1F1CDC1A00DD0783 /* Products */ = {
			isa = PBXGroup;
			children = (
				794815C71F1CDD2700DD0783 /* P2PCore.framework */,
				794815EE1F1CDDE200DD0783 /* P2PExample.app */,
				794816051F1CDDFA00DD0783 /* P2PUI.framework */,
				7948163D1F1CE9AC00DD0783 /* P2PExampleObjC.app */,
			);
			name = Products;
			sourceTree = "<group>";
		};
		794815C81F1CDD2700DD0783 /* P2PCore */ = {
			isa = PBXGroup;
			children = (
				794815C91F1CDD2700DD0783 /* P2PCore.h */,
				794816161F1CE1E400DD0783 /* P2PCore.swift */,
				794816201F1CE92400DD0783 /* Constants */,
				794816141F1CE15A00DD0783 /* Models */,
				794816131F1CE14F00DD0783 /* Managers */,
				794816121F1CE14600DD0783 /* Library */,
				794815CA1F1CDD2700DD0783 /* Info.plist */,
			);
			path = P2PCore;
			sourceTree = "<group>";
		};
		794815EF1F1CDDE200DD0783 /* P2PExample */ = {
			isa = PBXGroup;
			children = (
				794815F01F1CDDE200DD0783 /* AppDelegate.swift */,
				794815F21F1CDDE200DD0783 /* ViewController.swift */,
				794815F41F1CDDE200DD0783 /* Main.storyboard */,
				794815F71F1CDDE200DD0783 /* Assets.xcassets */,
				794815F91F1CDDE200DD0783 /* LaunchScreen.storyboard */,
				794815FC1F1CDDE200DD0783 /* Info.plist */,
			);
			path = P2PExample;
			sourceTree = "<group>";
		};
		794816061F1CDDFA00DD0783 /* P2PUI */ = {
			isa = PBXGroup;
			children = (
				7948161B1F1CE83200DD0783 /* Controllers */,
				79430D471F28B2420075EB8E /* Library */,
				79430D631F28CDD70075EB8E /* Resources */,
				794816071F1CDDFA00DD0783 /* P2PUI.h */,
				794816081F1CDDFA00DD0783 /* Info.plist */,
			);
			path = P2PUI;
			sourceTree = "<group>";
		};
		794816121F1CE14600DD0783 /* Library */ = {
			isa = PBXGroup;
			children = (
				795F0B281F20D21200FB95D9 /* CommonCrypto */,
				794816151F1CE16700DD0783 /* NetworkManager */,
			);
			path = Library;
			sourceTree = "<group>";
		};
		794816131F1CE14F00DD0783 /* Managers */ = {
			isa = PBXGroup;
			children = (
				798680911F209EC3000D541D /* NetworkManager.swift */,
				794816181F1CE72F00DD0783 /* DealsManager.swift */,
				79430D281F261D840075EB8E /* BeneficiariesCardsManager.swift */,
				79430D2A1F2622240075EB8E /* PayersCardsManager.swift */,
				79430D2C1F26245E0075EB8E /* PayoutsManager.swift */,
				79430D2E1F2629D40075EB8E /* RefundsManager.swift */,
			);
			path = Managers;
			sourceTree = "<group>";
		};
		794816141F1CE15A00DD0783 /* Models */ = {
			isa = PBXGroup;
			children = (
				794816611F1CEB2F00DD0783 /* Deal.swift */,
				798680851F20960E000D541D /* BankCard.swift */,
				798680891F20980F000D541D /* PayoutsResult.swift */,
				7986808B1F209897000D541D /* Payout.swift */,
				7986808D1F209A59000D541D /* RefundsResult.swift */,
				7986808F1F209C27000D541D /* Refund.swift */,
			);
			path = Models;
			sourceTree = "<group>";
		};
		794816151F1CE16700DD0783 /* NetworkManager */ = {
			isa = PBXGroup;
			children = (
				795F0B261F20CAAA00FB95D9 /* URLComposer.swift */,
				798680831F208E34000D541D /* Mapper.swift */,
			);
			path = NetworkManager;
			sourceTree = "<group>";
		};
		7948161B1F1CE83200DD0783 /* Controllers */ = {
			isa = PBXGroup;
			children = (
				79430D571F28CD560075EB8E /* BankCards */,
				79E96B7A1F2A332700AE064B /* LinkCard */,
				7948161C1F1CE84800DD0783 /* P2PNavigationController.swift */,
				7948161E1F1CE86900DD0783 /* P2PViewController.swift */,
				79430D4F1F28BF080075EB8E /* P2PViewController.xib */,
			);
			path = Controllers;
			sourceTree = "<group>";
		};
		794816201F1CE92400DD0783 /* Constants */ = {
			isa = PBXGroup;
			children = (
				794816211F1CE93200DD0783 /* CurrencyId.swift */,
			);
			path = Constants;
			sourceTree = "<group>";
		};
		7948163E1F1CE9AC00DD0783 /* P2PExampleObjC */ = {
			isa = PBXGroup;
			children = (
				794816421F1CE9AC00DD0783 /* AppDelegate.h */,
				794816431F1CE9AC00DD0783 /* AppDelegate.m */,
				794816451F1CE9AC00DD0783 /* ViewController.h */,
				794816461F1CE9AC00DD0783 /* ViewController.m */,
				794816481F1CE9AC00DD0783 /* Main.storyboard */,
				7948164B1F1CE9AC00DD0783 /* Assets.xcassets */,
				7948164D1F1CE9AC00DD0783 /* LaunchScreen.storyboard */,
				794816501F1CE9AC00DD0783 /* Info.plist */,
				7948163F1F1CE9AC00DD0783 /* Supporting Files */,
			);
			path = P2PExampleObjC;
			sourceTree = "<group>";
		};
		7948163F1F1CE9AC00DD0783 /* Supporting Files */ = {
			isa = PBXGroup;
			children = (
				794816401F1CE9AC00DD0783 /* main.m */,
			);
			name = "Supporting Files";
			sourceTree = "<group>";
		};
		794FB2E51F2F417D005610DF /* Extensions */ = {
			isa = PBXGroup;
			children = (
				794FB2E61F2F4194005610DF /* UIAlertController+Error.swift */,
			);
			path = Extensions;
			sourceTree = "<group>";
		};
		795F0B281F20D21200FB95D9 /* CommonCrypto */ = {
			isa = PBXGroup;
			children = (
				795F0B291F20D23400FB95D9 /* module.map */,
			);
			path = CommonCrypto;
			sourceTree = "<group>";
		};
		79E96B6E1F2A132F00AE064B /* TableViewCells */ = {
			isa = PBXGroup;
			children = (
				79E96B6F1F2A134100AE064B /* LoadingTableViewCell.swift */,
				79E96B701F2A134100AE064B /* LoadingTableViewCell.xib */,
			);
			path = TableViewCells;
			sourceTree = "<group>";
		};
		79E96B771F2A228700AE064B /* CreditCardValidator */ = {
			isa = PBXGroup;
			children = (
				79E96B781F2A229200AE064B /* CreditCardValidator.swift */,
			);
			path = CreditCardValidator;
			sourceTree = "<group>";
		};
		79E96B7A1F2A332700AE064B /* LinkCard */ = {
			isa = PBXGroup;
			children = (
				79E96B7B1F2A333400AE064B /* LinkCardViewController.swift */,
				79E96B7D1F2A333E00AE064B /* LinkCardViewController.xib */,
			);
			path = LinkCard;
			sourceTree = "<group>";
		};
/* End PBXGroup section */

/* Begin PBXHeadersBuildPhase section */
		794815C41F1CDD2700DD0783 /* Headers */ = {
			isa = PBXHeadersBuildPhase;
			buildActionMask = 2147483647;
			files = (
				794815CB1F1CDD2700DD0783 /* P2PCore.h in Headers */,
			);
			runOnlyForDeploymentPostprocessing = 0;
		};
		794816021F1CDDFA00DD0783 /* Headers */ = {
			isa = PBXHeadersBuildPhase;
			buildActionMask = 2147483647;
			files = (
				794816091F1CDDFA00DD0783 /* P2PUI.h in Headers */,
			);
			runOnlyForDeploymentPostprocessing = 0;
		};
/* End PBXHeadersBuildPhase section */

/* Begin PBXNativeTarget section */
		794815C61F1CDD2700DD0783 /* P2PCore */ = {
			isa = PBXNativeTarget;
			buildConfigurationList = 794815D21F1CDD2700DD0783 /* Build configuration list for PBXNativeTarget "P2PCore" */;
			buildPhases = (
				794815C21F1CDD2700DD0783 /* Sources */,
				794815C31F1CDD2700DD0783 /* Frameworks */,
				794815C41F1CDD2700DD0783 /* Headers */,
				794815C51F1CDD2700DD0783 /* Resources */,
			);
			buildRules = (
			);
			dependencies = (
			);
			name = P2PCore;
			productName = P2PCore;
			productReference = 794815C71F1CDD2700DD0783 /* P2PCore.framework */;
			productType = "com.apple.product-type.framework";
		};
		794815ED1F1CDDE200DD0783 /* P2PExample */ = {
			isa = PBXNativeTarget;
			buildConfigurationList = 794815FD1F1CDDE200DD0783 /* Build configuration list for PBXNativeTarget "P2PExample" */;
			buildPhases = (
				794815EA1F1CDDE200DD0783 /* Sources */,
				794815EB1F1CDDE200DD0783 /* Frameworks */,
				794815EC1F1CDDE200DD0783 /* Resources */,
				794816111F1CDDFA00DD0783 /* Embed Frameworks */,
			);
			buildRules = (
			);
			dependencies = (
				7948160B1F1CDDFA00DD0783 /* PBXTargetDependency */,
				794816571F1CE9E200DD0783 /* PBXTargetDependency */,
			);
			name = P2PExample;
			productName = P2PExample;
			productReference = 794815EE1F1CDDE200DD0783 /* P2PExample.app */;
			productType = "com.apple.product-type.application";
		};
		794816041F1CDDFA00DD0783 /* P2PUI */ = {
			isa = PBXNativeTarget;
			buildConfigurationList = 7948160E1F1CDDFA00DD0783 /* Build configuration list for PBXNativeTarget "P2PUI" */;
			buildPhases = (
				794816001F1CDDFA00DD0783 /* Sources */,
				794816011F1CDDFA00DD0783 /* Frameworks */,
				794816021F1CDDFA00DD0783 /* Headers */,
				794816031F1CDDFA00DD0783 /* Resources */,
			);
			buildRules = (
			);
			dependencies = (
			);
			name = P2PUI;
			productName = P2PUI;
			productReference = 794816051F1CDDFA00DD0783 /* P2PUI.framework */;
			productType = "com.apple.product-type.framework";
		};
		7948163C1F1CE9AC00DD0783 /* P2PExampleObjC */ = {
			isa = PBXNativeTarget;
			buildConfigurationList = 794816511F1CE9AC00DD0783 /* Build configuration list for PBXNativeTarget "P2PExampleObjC" */;
			buildPhases = (
				794816391F1CE9AC00DD0783 /* Sources */,
				7948163A1F1CE9AC00DD0783 /* Frameworks */,
				7948163B1F1CE9AC00DD0783 /* Resources */,
				794816601F1CE9E900DD0783 /* Embed Frameworks */,
			);
			buildRules = (
			);
			dependencies = (
				7948165B1F1CE9E900DD0783 /* PBXTargetDependency */,
				7948165F1F1CE9E900DD0783 /* PBXTargetDependency */,
			);
			name = P2PExampleObjC;
			productName = P2PExampleObjC;
			productReference = 7948163D1F1CE9AC00DD0783 /* P2PExampleObjC.app */;
			productType = "com.apple.product-type.application";
		};
/* End PBXNativeTarget section */

/* Begin PBXProject section */
		794815A51F1CDC1A00DD0783 /* Project object */ = {
			isa = PBXProject;
			attributes = {
				LastSwiftUpdateCheck = 0830;
				LastUpgradeCheck = 0830;
				ORGANIZATIONNAME = "Wallet One";
				TargetAttributes = {
					794815C61F1CDD2700DD0783 = {
						CreatedOnToolsVersion = 8.3.3;
						DevelopmentTeam = P8A8G8XXL8;
						LastSwiftMigration = 0830;
						ProvisioningStyle = Automatic;
					};
					794815ED1F1CDDE200DD0783 = {
						CreatedOnToolsVersion = 8.3.3;
						DevelopmentTeam = P8A8G8XXL8;
						ProvisioningStyle = Automatic;
					};
					794816041F1CDDFA00DD0783 = {
						CreatedOnToolsVersion = 8.3.3;
						DevelopmentTeam = P8A8G8XXL8;
						LastSwiftMigration = 0830;
						ProvisioningStyle = Automatic;
					};
					7948163C1F1CE9AC00DD0783 = {
						CreatedOnToolsVersion = 8.3.3;
						DevelopmentTeam = P8A8G8XXL8;
						ProvisioningStyle = Automatic;
					};
				};
			};
			buildConfigurationList = 794815A81F1CDC1A00DD0783 /* Build configuration list for PBXProject "P2P_iOS" */;
			compatibilityVersion = "Xcode 3.2";
			developmentRegion = English;
			hasScannedForEncodings = 0;
			knownRegions = (
				en,
				Base,
			);
			mainGroup = 794815A41F1CDC1A00DD0783;
			productRefGroup = 794815AE1F1CDC1A00DD0783 /* Products */;
			projectDirPath = "";
			projectRoot = "";
			targets = (
				794815ED1F1CDDE200DD0783 /* P2PExample */,
				7948163C1F1CE9AC00DD0783 /* P2PExampleObjC */,
				794816041F1CDDFA00DD0783 /* P2PUI */,
				794815C61F1CDD2700DD0783 /* P2PCore */,
			);
		};
/* End PBXProject section */

/* Begin PBXResourcesBuildPhase section */
		794815C51F1CDD2700DD0783 /* Resources */ = {
			isa = PBXResourcesBuildPhase;
			buildActionMask = 2147483647;
			files = (
			);
			runOnlyForDeploymentPostprocessing = 0;
		};
		794815EC1F1CDDE200DD0783 /* Resources */ = {
			isa = PBXResourcesBuildPhase;
			buildActionMask = 2147483647;
			files = (
				794815FB1F1CDDE200DD0783 /* LaunchScreen.storyboard in Resources */,
				794815F81F1CDDE200DD0783 /* Assets.xcassets in Resources */,
				794815F61F1CDDE200DD0783 /* Main.storyboard in Resources */,
			);
			runOnlyForDeploymentPostprocessing = 0;
		};
		794816031F1CDDFA00DD0783 /* Resources */ = {
			isa = PBXResourcesBuildPhase;
			buildActionMask = 2147483647;
			files = (
				79430D721F28CE5D0075EB8E /* MirMini@2x.png in Resources */,
				79430D6E1F28CE5D0075EB8E /* MasterCardMini.png in Resources */,
				794FB2E41F2F3D53005610DF /* linkNewCard@3x.png in Resources */,
				794FB2E31F2F3D53005610DF /* linkNewCard@2x.png in Resources */,
				79430D621F28CD9A0075EB8E /* BankCardTableViewCell.xib in Resources */,
				79430D741F28CE5D0075EB8E /* VisaMini.png in Resources */,
				794FB2E21F2F3D53005610DF /* linkNewCard.png in Resources */,
				79E96B7E1F2A333E00AE064B /* LinkCardViewController.xib in Resources */,
				79430D701F28CE5D0075EB8E /* MasterCardMini@3x.png in Resources */,
				79E96B721F2A134100AE064B /* LoadingTableViewCell.xib in Resources */,
				79E96B761F2A15D200AE064B /* BankCardLinkNewTableViewCell.xib in Resources */,
				79430D761F28CE5D0075EB8E /* VisaMini@3x.png in Resources */,
				79430D6F1F28CE5D0075EB8E /* MasterCardMini@2x.png in Resources */,
				79430D501F28BF080075EB8E /* P2PViewController.xib in Resources */,
				79430D751F28CE5D0075EB8E /* VisaMini@2x.png in Resources */,
				79430D711F28CE5D0075EB8E /* MirMini.png in Resources */,
				79430D5B1F28CD620075EB8E /* BankCardsViewController.xib in Resources */,
				79430D731F28CE5D0075EB8E /* MirMini@3x.png in Resources */,
			);
			runOnlyForDeploymentPostprocessing = 0;
		};
		7948163B1F1CE9AC00DD0783 /* Resources */ = {
			isa = PBXResourcesBuildPhase;
			buildActionMask = 2147483647;
			files = (
				7948164F1F1CE9AC00DD0783 /* LaunchScreen.storyboard in Resources */,
				7948164C1F1CE9AC00DD0783 /* Assets.xcassets in Resources */,
				7948164A1F1CE9AC00DD0783 /* Main.storyboard in Resources */,
			);
			runOnlyForDeploymentPostprocessing = 0;
		};
/* End PBXResourcesBuildPhase section */

/* Begin PBXSourcesBuildPhase section */
		794815C21F1CDD2700DD0783 /* Sources */ = {
			isa = PBXSourcesBuildPhase;
			buildActionMask = 2147483647;
			files = (
				7986808E1F209A59000D541D /* RefundsResult.swift in Sources */,
				79430D2F1F2629D40075EB8E /* RefundsManager.swift in Sources */,
				79430D2B1F2622240075EB8E /* PayersCardsManager.swift in Sources */,
				794816171F1CE1E400DD0783 /* P2PCore.swift in Sources */,
				7986808C1F209897000D541D /* Payout.swift in Sources */,
				795F0B271F20CAAA00FB95D9 /* URLComposer.swift in Sources */,
				794816191F1CE72F00DD0783 /* DealsManager.swift in Sources */,
				798680921F209EC3000D541D /* NetworkManager.swift in Sources */,
				79430D291F261D840075EB8E /* BeneficiariesCardsManager.swift in Sources */,
				794816221F1CE93200DD0783 /* CurrencyId.swift in Sources */,
				7986808A1F20980F000D541D /* PayoutsResult.swift in Sources */,
				79430D2D1F26245E0075EB8E /* PayoutsManager.swift in Sources */,
				798680861F20960E000D541D /* BankCard.swift in Sources */,
				798680901F209C27000D541D /* Refund.swift in Sources */,
				794816621F1CEB2F00DD0783 /* Deal.swift in Sources */,
				798680841F208E34000D541D /* Mapper.swift in Sources */,
			);
			runOnlyForDeploymentPostprocessing = 0;
		};
		794815EA1F1CDDE200DD0783 /* Sources */ = {
			isa = PBXSourcesBuildPhase;
			buildActionMask = 2147483647;
			files = (
				794815F31F1CDDE200DD0783 /* ViewController.swift in Sources */,
				794815F11F1CDDE200DD0783 /* AppDelegate.swift in Sources */,
			);
			runOnlyForDeploymentPostprocessing = 0;
		};
		794816001F1CDDFA00DD0783 /* Sources */ = {
			isa = PBXSourcesBuildPhase;
			buildActionMask = 2147483647;
			files = (
				79430D4D1F28B29C0075EB8E /* StructuredSection.swift in Sources */,
				79430D4E1F28B29C0075EB8E /* TableStructuredController.swift in Sources */,
				79430D611F28CD9A0075EB8E /* BankCardTableViewCell.swift in Sources */,
				794FB2E71F2F4194005610DF /* UIAlertController+Error.swift in Sources */,
				79E96B7C1F2A333400AE064B /* LinkCardViewController.swift in Sources */,
				79E96B791F2A229200AE064B /* CreditCardValidator.swift in Sources */,
				79E96B751F2A15D200AE064B /* BankCardLinkNewTableViewCell.swift in Sources */,
				79430D5A1F28CD620075EB8E /* BankCardsViewController.swift in Sources */,
				79430D4C1F28B29C0075EB8E /* CollectionStructuredController.swift in Sources */,
				7948161D1F1CE84800DD0783 /* P2PNavigationController.swift in Sources */,
				79E96B711F2A134100AE064B /* LoadingTableViewCell.swift in Sources */,
				7948161F1F1CE86900DD0783 /* P2PViewController.swift in Sources */,
			);
			runOnlyForDeploymentPostprocessing = 0;
		};
		794816391F1CE9AC00DD0783 /* Sources */ = {
			isa = PBXSourcesBuildPhase;
			buildActionMask = 2147483647;
			files = (
				794816471F1CE9AC00DD0783 /* ViewController.m in Sources */,
				794816441F1CE9AC00DD0783 /* AppDelegate.m in Sources */,
				794816411F1CE9AC00DD0783 /* main.m in Sources */,
			);
			runOnlyForDeploymentPostprocessing = 0;
		};
/* End PBXSourcesBuildPhase section */

/* Begin PBXTargetDependency section */
		7948160B1F1CDDFA00DD0783 /* PBXTargetDependency */ = {
			isa = PBXTargetDependency;
			target = 794816041F1CDDFA00DD0783 /* P2PUI */;
			targetProxy = 7948160A1F1CDDFA00DD0783 /* PBXContainerItemProxy */;
		};
		794816571F1CE9E200DD0783 /* PBXTargetDependency */ = {
			isa = PBXTargetDependency;
			target = 794815C61F1CDD2700DD0783 /* P2PCore */;
			targetProxy = 794816561F1CE9E200DD0783 /* PBXContainerItemProxy */;
		};
		7948165B1F1CE9E900DD0783 /* PBXTargetDependency */ = {
			isa = PBXTargetDependency;
			target = 794815C61F1CDD2700DD0783 /* P2PCore */;
			targetProxy = 7948165A1F1CE9E900DD0783 /* PBXContainerItemProxy */;
		};
		7948165F1F1CE9E900DD0783 /* PBXTargetDependency */ = {
			isa = PBXTargetDependency;
			target = 794816041F1CDDFA00DD0783 /* P2PUI */;
			targetProxy = 7948165E1F1CE9E900DD0783 /* PBXContainerItemProxy */;
		};
/* End PBXTargetDependency section */

/* Begin PBXVariantGroup section */
		794815F41F1CDDE200DD0783 /* Main.storyboard */ = {
			isa = PBXVariantGroup;
			children = (
				794815F51F1CDDE200DD0783 /* Base */,
			);
			name = Main.storyboard;
			sourceTree = "<group>";
		};
		794815F91F1CDDE200DD0783 /* LaunchScreen.storyboard */ = {
			isa = PBXVariantGroup;
			children = (
				794815FA1F1CDDE200DD0783 /* Base */,
			);
			name = LaunchScreen.storyboard;
			sourceTree = "<group>";
		};
		794816481F1CE9AC00DD0783 /* Main.storyboard */ = {
			isa = PBXVariantGroup;
			children = (
				794816491F1CE9AC00DD0783 /* Base */,
			);
			name = Main.storyboard;
			sourceTree = "<group>";
		};
		7948164D1F1CE9AC00DD0783 /* LaunchScreen.storyboard */ = {
			isa = PBXVariantGroup;
			children = (
				7948164E1F1CE9AC00DD0783 /* Base */,
			);
			name = LaunchScreen.storyboard;
			sourceTree = "<group>";
		};
/* End PBXVariantGroup section */

/* Begin XCBuildConfiguration section */
		794815BD1F1CDC1A00DD0783 /* Debug */ = {
			isa = XCBuildConfiguration;
			buildSettings = {
				ALWAYS_SEARCH_USER_PATHS = NO;
				CLANG_ANALYZER_NONNULL = YES;
				CLANG_ANALYZER_NUMBER_OBJECT_CONVERSION = YES_AGGRESSIVE;
				CLANG_CXX_LANGUAGE_STANDARD = "gnu++0x";
				CLANG_CXX_LIBRARY = "libc++";
				CLANG_ENABLE_MODULES = YES;
				CLANG_ENABLE_OBJC_ARC = YES;
				CLANG_WARN_BOOL_CONVERSION = YES;
				CLANG_WARN_CONSTANT_CONVERSION = YES;
				CLANG_WARN_DIRECT_OBJC_ISA_USAGE = YES_ERROR;
				CLANG_WARN_DOCUMENTATION_COMMENTS = YES;
				CLANG_WARN_EMPTY_BODY = YES;
				CLANG_WARN_ENUM_CONVERSION = YES;
				CLANG_WARN_INFINITE_RECURSION = YES;
				CLANG_WARN_INT_CONVERSION = YES;
				CLANG_WARN_OBJC_ROOT_CLASS = YES_ERROR;
				CLANG_WARN_SUSPICIOUS_MOVE = YES;
				CLANG_WARN_UNREACHABLE_CODE = YES;
				CLANG_WARN__DUPLICATE_METHOD_MATCH = YES;
				"CODE_SIGN_IDENTITY[sdk=iphoneos*]" = "iPhone Developer";
				COPY_PHASE_STRIP = NO;
				DEBUG_INFORMATION_FORMAT = dwarf;
				ENABLE_STRICT_OBJC_MSGSEND = YES;
				ENABLE_TESTABILITY = YES;
				GCC_C_LANGUAGE_STANDARD = gnu99;
				GCC_DYNAMIC_NO_PIC = NO;
				GCC_NO_COMMON_BLOCKS = YES;
				GCC_OPTIMIZATION_LEVEL = 0;
				GCC_PREPROCESSOR_DEFINITIONS = (
					"DEBUG=1",
					"$(inherited)",
				);
				GCC_WARN_64_TO_32_BIT_CONVERSION = YES;
				GCC_WARN_ABOUT_RETURN_TYPE = YES_ERROR;
				GCC_WARN_UNDECLARED_SELECTOR = YES;
				GCC_WARN_UNINITIALIZED_AUTOS = YES_AGGRESSIVE;
				GCC_WARN_UNUSED_FUNCTION = YES;
				GCC_WARN_UNUSED_VARIABLE = YES;
				IPHONEOS_DEPLOYMENT_TARGET = 10.3;
				MTL_ENABLE_DEBUG_INFO = YES;
				ONLY_ACTIVE_ARCH = YES;
				SDKROOT = iphoneos;
				SWIFT_ACTIVE_COMPILATION_CONDITIONS = DEBUG;
				SWIFT_OPTIMIZATION_LEVEL = "-Onone";
				TARGETED_DEVICE_FAMILY = "1,2";
			};
			name = Debug;
		};
		794815BE1F1CDC1A00DD0783 /* Release */ = {
			isa = XCBuildConfiguration;
			buildSettings = {
				ALWAYS_SEARCH_USER_PATHS = NO;
				CLANG_ANALYZER_NONNULL = YES;
				CLANG_ANALYZER_NUMBER_OBJECT_CONVERSION = YES_AGGRESSIVE;
				CLANG_CXX_LANGUAGE_STANDARD = "gnu++0x";
				CLANG_CXX_LIBRARY = "libc++";
				CLANG_ENABLE_MODULES = YES;
				CLANG_ENABLE_OBJC_ARC = YES;
				CLANG_WARN_BOOL_CONVERSION = YES;
				CLANG_WARN_CONSTANT_CONVERSION = YES;
				CLANG_WARN_DIRECT_OBJC_ISA_USAGE = YES_ERROR;
				CLANG_WARN_DOCUMENTATION_COMMENTS = YES;
				CLANG_WARN_EMPTY_BODY = YES;
				CLANG_WARN_ENUM_CONVERSION = YES;
				CLANG_WARN_INFINITE_RECURSION = YES;
				CLANG_WARN_INT_CONVERSION = YES;
				CLANG_WARN_OBJC_ROOT_CLASS = YES_ERROR;
				CLANG_WARN_SUSPICIOUS_MOVE = YES;
				CLANG_WARN_UNREACHABLE_CODE = YES;
				CLANG_WARN__DUPLICATE_METHOD_MATCH = YES;
				"CODE_SIGN_IDENTITY[sdk=iphoneos*]" = "iPhone Developer";
				COPY_PHASE_STRIP = NO;
				DEBUG_INFORMATION_FORMAT = "dwarf-with-dsym";
				ENABLE_NS_ASSERTIONS = NO;
				ENABLE_STRICT_OBJC_MSGSEND = YES;
				GCC_C_LANGUAGE_STANDARD = gnu99;
				GCC_NO_COMMON_BLOCKS = YES;
				GCC_WARN_64_TO_32_BIT_CONVERSION = YES;
				GCC_WARN_ABOUT_RETURN_TYPE = YES_ERROR;
				GCC_WARN_UNDECLARED_SELECTOR = YES;
				GCC_WARN_UNINITIALIZED_AUTOS = YES_AGGRESSIVE;
				GCC_WARN_UNUSED_FUNCTION = YES;
				GCC_WARN_UNUSED_VARIABLE = YES;
				IPHONEOS_DEPLOYMENT_TARGET = 10.3;
				MTL_ENABLE_DEBUG_INFO = NO;
				SDKROOT = iphoneos;
				SWIFT_OPTIMIZATION_LEVEL = "-Owholemodule";
				TARGETED_DEVICE_FAMILY = "1,2";
				VALIDATE_PRODUCT = YES;
			};
			name = Release;
		};
		794815D01F1CDD2700DD0783 /* Debug */ = {
			isa = XCBuildConfiguration;
			buildSettings = {
				CLANG_ENABLE_MODULES = YES;
				CODE_SIGN_IDENTITY = "";
				CURRENT_PROJECT_VERSION = 1;
				DEFINES_MODULE = YES;
				DEVELOPMENT_TEAM = P8A8G8XXL8;
				DYLIB_COMPATIBILITY_VERSION = 1;
				DYLIB_CURRENT_VERSION = 1;
				DYLIB_INSTALL_NAME_BASE = "@rpath";
				INFOPLIST_FILE = P2PCore/Info.plist;
				INSTALL_PATH = "$(LOCAL_LIBRARY_DIR)/Frameworks";
				IPHONEOS_DEPLOYMENT_TARGET = 8.0;
				LD_RUNPATH_SEARCH_PATHS = "$(inherited) @executable_path/Frameworks @loader_path/Frameworks";
				PRODUCT_BUNDLE_IDENTIFIER = com.walletone.ios.P2PCore;
				PRODUCT_NAME = "$(TARGET_NAME)";
				SKIP_INSTALL = YES;
				SWIFT_INCLUDE_PATHS = "${SRCROOT}/P2PCore/Library/CommonCrypto";
				SWIFT_OPTIMIZATION_LEVEL = "-Onone";
				SWIFT_VERSION = 3.0;
				VERSIONING_SYSTEM = "apple-generic";
				VERSION_INFO_PREFIX = "";
			};
			name = Debug;
		};
		794815D11F1CDD2700DD0783 /* Release */ = {
			isa = XCBuildConfiguration;
			buildSettings = {
				CLANG_ENABLE_MODULES = YES;
				CODE_SIGN_IDENTITY = "";
				CURRENT_PROJECT_VERSION = 1;
				DEFINES_MODULE = YES;
				DEVELOPMENT_TEAM = P8A8G8XXL8;
				DYLIB_COMPATIBILITY_VERSION = 1;
				DYLIB_CURRENT_VERSION = 1;
				DYLIB_INSTALL_NAME_BASE = "@rpath";
				INFOPLIST_FILE = P2PCore/Info.plist;
				INSTALL_PATH = "$(LOCAL_LIBRARY_DIR)/Frameworks";
				IPHONEOS_DEPLOYMENT_TARGET = 8.0;
				LD_RUNPATH_SEARCH_PATHS = "$(inherited) @executable_path/Frameworks @loader_path/Frameworks";
				PRODUCT_BUNDLE_IDENTIFIER = com.walletone.ios.P2PCore;
				PRODUCT_NAME = "$(TARGET_NAME)";
				SKIP_INSTALL = YES;
				SWIFT_INCLUDE_PATHS = "${SRCROOT}/P2PCore/Library/CommonCrypto";
				SWIFT_VERSION = 3.0;
				VERSIONING_SYSTEM = "apple-generic";
				VERSION_INFO_PREFIX = "";
			};
			name = Release;
		};
		794815FE1F1CDDE200DD0783 /* Debug */ = {
			isa = XCBuildConfiguration;
			buildSettings = {
				ALWAYS_EMBED_SWIFT_STANDARD_LIBRARIES = YES;
				ASSETCATALOG_COMPILER_APPICON_NAME = AppIcon;
				DEVELOPMENT_TEAM = P8A8G8XXL8;
				INFOPLIST_FILE = P2PExample/Info.plist;
				LD_RUNPATH_SEARCH_PATHS = "$(inherited) @executable_path/Frameworks";
				PRODUCT_BUNDLE_IDENTIFIER = com.walletone.ios.P2PExample;
				PRODUCT_NAME = "$(TARGET_NAME)";
				SWIFT_VERSION = 3.0;
			};
			name = Debug;
		};
		794815FF1F1CDDE200DD0783 /* Release */ = {
			isa = XCBuildConfiguration;
			buildSettings = {
				ALWAYS_EMBED_SWIFT_STANDARD_LIBRARIES = YES;
				ASSETCATALOG_COMPILER_APPICON_NAME = AppIcon;
				DEVELOPMENT_TEAM = P8A8G8XXL8;
				INFOPLIST_FILE = P2PExample/Info.plist;
				LD_RUNPATH_SEARCH_PATHS = "$(inherited) @executable_path/Frameworks";
				PRODUCT_BUNDLE_IDENTIFIER = com.walletone.ios.P2PExample;
				PRODUCT_NAME = "$(TARGET_NAME)";
				SWIFT_VERSION = 3.0;
			};
			name = Release;
		};
		7948160F1F1CDDFA00DD0783 /* Debug */ = {
			isa = XCBuildConfiguration;
			buildSettings = {
				CLANG_ENABLE_MODULES = YES;
				CODE_SIGN_IDENTITY = "";
				CURRENT_PROJECT_VERSION = 1;
				DEFINES_MODULE = YES;
				DEVELOPMENT_TEAM = P8A8G8XXL8;
				DYLIB_COMPATIBILITY_VERSION = 1;
				DYLIB_CURRENT_VERSION = 1;
				DYLIB_INSTALL_NAME_BASE = "@rpath";
				INFOPLIST_FILE = P2PUI/Info.plist;
				INSTALL_PATH = "$(LOCAL_LIBRARY_DIR)/Frameworks";
				LD_RUNPATH_SEARCH_PATHS = "$(inherited) @executable_path/Frameworks @loader_path/Frameworks";
				PRODUCT_BUNDLE_IDENTIFIER = com.walletone.ios.P2PUI;
				PRODUCT_NAME = "$(TARGET_NAME)";
				SKIP_INSTALL = YES;
				SWIFT_OPTIMIZATION_LEVEL = "-Onone";
				SWIFT_VERSION = 3.0;
				VERSIONING_SYSTEM = "apple-generic";
				VERSION_INFO_PREFIX = "";
			};
			name = Debug;
		};
		794816101F1CDDFA00DD0783 /* Release */ = {
			isa = XCBuildConfiguration;
			buildSettings = {
				CLANG_ENABLE_MODULES = YES;
				CODE_SIGN_IDENTITY = "";
				CURRENT_PROJECT_VERSION = 1;
				DEFINES_MODULE = YES;
				DEVELOPMENT_TEAM = P8A8G8XXL8;
				DYLIB_COMPATIBILITY_VERSION = 1;
				DYLIB_CURRENT_VERSION = 1;
				DYLIB_INSTALL_NAME_BASE = "@rpath";
				INFOPLIST_FILE = P2PUI/Info.plist;
				INSTALL_PATH = "$(LOCAL_LIBRARY_DIR)/Frameworks";
				LD_RUNPATH_SEARCH_PATHS = "$(inherited) @executable_path/Frameworks @loader_path/Frameworks";
				PRODUCT_BUNDLE_IDENTIFIER = com.walletone.ios.P2PUI;
				PRODUCT_NAME = "$(TARGET_NAME)";
				SKIP_INSTALL = YES;
				SWIFT_VERSION = 3.0;
				VERSIONING_SYSTEM = "apple-generic";
				VERSION_INFO_PREFIX = "";
			};
			name = Release;
		};
		794816521F1CE9AC00DD0783 /* Debug */ = {
			isa = XCBuildConfiguration;
			buildSettings = {
				ALWAYS_EMBED_SWIFT_STANDARD_LIBRARIES = YES;
				ASSETCATALOG_COMPILER_APPICON_NAME = AppIcon;
				DEVELOPMENT_TEAM = P8A8G8XXL8;
				INFOPLIST_FILE = P2PExampleObjC/Info.plist;
				LD_RUNPATH_SEARCH_PATHS = "$(inherited) @executable_path/Frameworks";
				PRODUCT_BUNDLE_IDENTIFIER = com.walletone.ios.P2PExampleObjC;
				PRODUCT_NAME = "$(TARGET_NAME)";
			};
			name = Debug;
		};
		794816531F1CE9AC00DD0783 /* Release */ = {
			isa = XCBuildConfiguration;
			buildSettings = {
				ALWAYS_EMBED_SWIFT_STANDARD_LIBRARIES = YES;
				ASSETCATALOG_COMPILER_APPICON_NAME = AppIcon;
				DEVELOPMENT_TEAM = P8A8G8XXL8;
				INFOPLIST_FILE = P2PExampleObjC/Info.plist;
				LD_RUNPATH_SEARCH_PATHS = "$(inherited) @executable_path/Frameworks";
				PRODUCT_BUNDLE_IDENTIFIER = com.walletone.ios.P2PExampleObjC;
				PRODUCT_NAME = "$(TARGET_NAME)";
			};
			name = Release;
		};
/* End XCBuildConfiguration section */

/* Begin XCConfigurationList section */
		794815A81F1CDC1A00DD0783 /* Build configuration list for PBXProject "P2P_iOS" */ = {
			isa = XCConfigurationList;
			buildConfigurations = (
				794815BD1F1CDC1A00DD0783 /* Debug */,
				794815BE1F1CDC1A00DD0783 /* Release */,
			);
			defaultConfigurationIsVisible = 0;
			defaultConfigurationName = Release;
		};
		794815D21F1CDD2700DD0783 /* Build configuration list for PBXNativeTarget "P2PCore" */ = {
			isa = XCConfigurationList;
			buildConfigurations = (
				794815D01F1CDD2700DD0783 /* Debug */,
				794815D11F1CDD2700DD0783 /* Release */,
			);
			defaultConfigurationIsVisible = 0;
			defaultConfigurationName = Release;
		};
		794815FD1F1CDDE200DD0783 /* Build configuration list for PBXNativeTarget "P2PExample" */ = {
			isa = XCConfigurationList;
			buildConfigurations = (
				794815FE1F1CDDE200DD0783 /* Debug */,
				794815FF1F1CDDE200DD0783 /* Release */,
			);
			defaultConfigurationIsVisible = 0;
			defaultConfigurationName = Release;
		};
		7948160E1F1CDDFA00DD0783 /* Build configuration list for PBXNativeTarget "P2PUI" */ = {
			isa = XCConfigurationList;
			buildConfigurations = (
				7948160F1F1CDDFA00DD0783 /* Debug */,
				794816101F1CDDFA00DD0783 /* Release */,
			);
			defaultConfigurationIsVisible = 0;
			defaultConfigurationName = Release;
		};
		794816511F1CE9AC00DD0783 /* Build configuration list for PBXNativeTarget "P2PExampleObjC" */ = {
			isa = XCConfigurationList;
			buildConfigurations = (
				794816521F1CE9AC00DD0783 /* Debug */,
				794816531F1CE9AC00DD0783 /* Release */,
			);
			defaultConfigurationIsVisible = 0;
			defaultConfigurationName = Release;
		};
/* End XCConfigurationList section */
	};
	rootObject = 794815A51F1CDC1A00DD0783 /* Project object */;
}
